
Microsoft Visual Studio Solution File, Format Version 12.00
# Visual Studio Version 17
VisualStudioVersion = 17.2.32616.157
MinimumVisualStudioVersion = 10.0.40219.1
Project("{9A19103F-16F7-4668-BE54-9A1E7A4F7556}") = "SavaMonitor", "SavaMonitor.csproj", "{250CDCC4-6B69-4E3B-9075-17FB7A646A56}"
EndProject
Global
	GlobalSection(SolutionConfigurationPlatforms) = preSolution
		Debug|Any CPU = Debug|Any CPU
		Release|Any CPU = Release|Any CPU
	EndGlobalSection
	GlobalSection(ProjectConfigurationPlatforms) = postSolution
		{250CDCC4-6B69-4E3B-9075-17FB7A646A56}.Debug|Any CPU.ActiveCfg = Debug|Any CPU
		{250CDCC4-6B69-4E3B-9075-17FB7A646A56}.Debug|Any CPU.Build.0 = Debug|Any CPU
		{250CDCC4-6B69-4E3B-9075-17FB7A646A56}.Release|Any CPU.ActiveCfg = Release|Any CPU
		{250CDCC4-6B69-4E3B-9075-17FB7A646A56}.Release|Any CPU.Build.0 = Release|Any CPU
	EndGlobalSection
	GlobalSection(SolutionProperties) = preSolution
		HideSolutionNode = FALSE
	EndGlobalSection
	GlobalSection(ExtensibilityGlobals) = postSolution
		SolutionGuid = {F13398D5-2553-486F-AB97-EC852B8C72B9}
	EndGlobalSection
EndGlobal
